<?xml version="1.0" encoding="utf-8"?>
<Project ToolsVersion="4.0" xmlns="http://schemas.microsoft.com/developer/msbuild/2003">
  <ItemGroup>
    <Filter Include="Core">
      <UniqueIdentifier>{59043bc7-0e28-447d-948b-f260512fbaed}</UniqueIdentifier>
    </Filter>
    <Filter Include="Modules">
      <UniqueIdentifier>{ac3bc2a7-1621-4e68-9a29-94eb83b9177d}</UniqueIdentifier>
    </Filter>
    <Filter Include="Drive">
      <UniqueIdentifier>{b9e75bc5-21a9-4713-bf52-61437cbe2ebf}</UniqueIdentifier>
    </Filter>
    <Filter Include="Game">
      <UniqueIdentifier>{0b8596b3-e4bf-499e-84df-69dd7eed384e}</UniqueIdentifier>
    </Filter>
    <Filter Include="Modules\SolidPhysic">
      <UniqueIdentifier>{2fc7ce28-45ba-4e6a-90ba-cb4a44ba7ae8}</UniqueIdentifier>
    </Filter>
    <Filter Include="Modules\Graphic">
      <UniqueIdentifier>{afee82d6-4c8a-4146-b92c-bc38559d8986}</UniqueIdentifier>
    </Filter>
    <Filter Include="Modules\Console">
      <UniqueIdentifier>{86053b0b-84da-4390-aaab-4e1c6e9d2685}</UniqueIdentifier>
    </Filter>
    <Filter Include="Modules\Misc">
      <UniqueIdentifier>{b14c5224-97da-4955-93c1-cd3bae72b0f3}</UniqueIdentifier>
    </Filter>
    <Filter Include="Modules\Solid">
      <UniqueIdentifier>{a0b9c5ff-ad70-489c-bdca-99f1f29d2dba}</UniqueIdentifier>
    </Filter>
    <Filter Include="Modules\Physic">
      <UniqueIdentifier>{687cbacf-aad7-4fbb-b46a-485f45a4ab18}</UniqueIdentifier>
    </Filter>
    <Filter Include="Modules\Serialization">
      <UniqueIdentifier>{a2dfa6be-2aba-42a8-9219-d3c5aaae55b3}</UniqueIdentifier>
    </Filter>
    <Filter Include="Modules\Geometry">
      <UniqueIdentifier>{5f365231-09b4-4e1c-a3b8-50927504e3fb}</UniqueIdentifier>
    </Filter>
    <Filter Include="Modules\Chat">
      <UniqueIdentifier>{a8805bcf-0ab0-4ccb-819f-bab2a79242cd}</UniqueIdentifier>
    </Filter>
  </ItemGroup>
  <ItemGroup>
    <ClInclude Include="Physic.h">
      <Filter>Modules\Physic</Filter>
    </ClInclude>
    <ClInclude Include="Solid.h">
      <Filter>Modules\Solid</Filter>
    </ClInclude>
    <ClInclude Include="SolidPhysic.h">
      <Filter>Modules\SolidPhysic</Filter>
    </ClInclude>
    <ClInclude Include="Graphic.h">
      <Filter>Modules\Graphic</Filter>
    </ClInclude>
    <ClInclude Include="Console.h">
      <Filter>Modules\Console</Filter>
    </ClInclude>
    <ClInclude Include="Management.h">
      <Filter>Core</Filter>
    </ClInclude>
    <ClInclude Include="Drive.h">
      <Filter>Drive</Filter>
    </ClInclude>
    <ClInclude Include="Game.h">
      <Filter>Game</Filter>
    </ClInclude>
    <ClInclude Include="Misc.h">
      <Filter>Modules\Misc</Filter>
    </ClInclude>
    <ClInclude Include="TupleRec.h">
      <Filter>Modules\Console</Filter>
    </ClInclude>
    <ClInclude Include="Font.h">
      <Filter>Modules\Graphic</Filter>
    </ClInclude>
    <ClInclude Include="Serialization.h">
      <Filter>Modules\Serialization</Filter>
    </ClInclude>
    <ClInclude Include="Geometry.h">
      <Filter>Modules\Geometry</Filter>
    </ClInclude>
    <ClInclude Include="Chat.h">
      <Filter>Modules\Chat</Filter>
    </ClInclude>
  </ItemGroup>
  <ItemGroup>
    <ClCompile Include="Physic.cpp">
      <Filter>Modules\Physic</Filter>
    </ClCompile>
    <ClCompile Include="Solid.cpp">
      <Filter>Modules\Solid</Filter>
    </ClCompile>
    <ClCompile Include="SolidPhysic.cpp">
      <Filter>Modules\SolidPhysic</Filter>
    </ClCompile>
    <ClCompile Include="Graphic.cpp">
      <Filter>Modules\Graphic</Filter>
    </ClCompile>
    <ClCompile Include="Console.cpp">
      <Filter>Modules\Console</Filter>
    </ClCompile>
    <ClCompile Include="Management.cpp">
      <Filter>Core</Filter>
    </ClCompile>
    <ClCompile Include="Drive.cpp">
      <Filter>Drive</Filter>
    </ClCompile>
    <ClCompile Include="Game.cpp">
      <Filter>Game</Filter>
    </ClCompile>
    <ClCompile Include="Misc.cpp">
      <Filter>Modules\Misc</Filter>
    </ClCompile>
    <ClCompile Include="Font.cpp">
      <Filter>Modules\Graphic</Filter>
    </ClCompile>
    <ClCompile Include="Serialization.cpp">
      <Filter>Modules\Serialization</Filter>
    </ClCompile>
    <ClCompile Include="Geometry.cpp">
      <Filter>Modules\Geometry</Filter>
    </ClCompile>
    <ClCompile Include="Chat.cpp">
      <Filter>Modules\Chat</Filter>
    </ClCompile>
  </ItemGroup>
  <ItemGroup>
    <None Include="ClassDiagram.cd" />
    <None Include="ClassDiagram1.cd" />
  </ItemGroup>
</Project>