<?xml version="1.0" encoding="utf-8"?>
<Project ToolsVersion="4.0" xmlns="http://schemas.microsoft.com/developer/msbuild/2003">
  <ItemGroup>
    <Filter Include="Файлы исходного кода">
      <UniqueIdentifier>{c4a8ed12-6bcd-4370-b33c-3474dee5680e}</UniqueIdentifier>
    </Filter>
    <Filter Include="Core">
      <UniqueIdentifier>{1a693eaf-cf6c-444c-8edb-4b337af7b5ef}</UniqueIdentifier>
    </Filter>
    <Filter Include="Modules">
      <UniqueIdentifier>{6ddf8f08-4b4e-450a-aadb-6b7ff6406e7d}</UniqueIdentifier>
    </Filter>
    <Filter Include="Modules\SolidPhysic">
      <UniqueIdentifier>{3622ee4e-1a75-4756-bce0-a667591acfc1}</UniqueIdentifier>
    </Filter>
    <Filter Include="Modules\Console">
      <UniqueIdentifier>{ebc2b053-7fde-4178-9835-5b26d5e138ba}</UniqueIdentifier>
    </Filter>
    <Filter Include="Modules\Graphic">
      <UniqueIdentifier>{6619e9e9-64b0-4ebc-8399-7415fd751d3f}</UniqueIdentifier>
    </Filter>
    <Filter Include="Modules\Misc">
      <UniqueIdentifier>{c8d0ea93-6d17-4b50-973e-8548f67470ec}</UniqueIdentifier>
    </Filter>
    <Filter Include="Modules\Solid">
      <UniqueIdentifier>{a9b8812c-93e6-40e9-85f8-d56beb8f8a0d}</UniqueIdentifier>
    </Filter>
    <Filter Include="Drive">
      <UniqueIdentifier>{6c644242-e10a-4fa4-9ac0-fd775d757cef}</UniqueIdentifier>
    </Filter>
    <Filter Include="Game">
      <UniqueIdentifier>{e03093d0-2e3d-428e-98df-53ef76b284c8}</UniqueIdentifier>
    </Filter>
    <Filter Include="Modules\Client">
      <UniqueIdentifier>{6964dbca-046c-4f04-baae-887cded4efe3}</UniqueIdentifier>
    </Filter>
    <Filter Include="Modules\Physic">
      <UniqueIdentifier>{986c6283-95a6-494f-b817-034210df5db8}</UniqueIdentifier>
    </Filter>
  </ItemGroup>
  <ItemGroup>
    <ClInclude Include="Drive.h">
      <Filter>Drive</Filter>
    </ClInclude>
    <ClInclude Include="Game.h">
      <Filter>Game</Filter>
    </ClInclude>
    <ClInclude Include="..\UltramarineSingle\Management.h">
      <Filter>Core</Filter>
    </ClInclude>
    <ClInclude Include="..\UltramarineSingle\Console.h">
      <Filter>Modules\Console</Filter>
    </ClInclude>
    <ClInclude Include="Client.h">
      <Filter>Modules\Client</Filter>
    </ClInclude>
    <ClInclude Include="..\UltramarineSingle\Graphic.h">
      <Filter>Modules\Graphic</Filter>
    </ClInclude>
    <ClInclude Include="..\UltramarineSingle\Misc.h">
      <Filter>Modules\Misc</Filter>
    </ClInclude>
    <ClInclude Include="..\UltramarineServer\NetProtocols.h">
      <Filter>Modules\Client</Filter>
    </ClInclude>
    <ClInclude Include="..\UltramarineSingle\Physic.h">
      <Filter>Modules\Physic</Filter>
    </ClInclude>
    <ClInclude Include="..\UltramarineServer\Serialization.h">
      <Filter>Modules\Client</Filter>
    </ClInclude>
    <ClInclude Include="..\UltramarineSingle\Solid.h">
      <Filter>Modules\Solid</Filter>
    </ClInclude>
    <ClInclude Include="..\UltramarineSingle\SolidPhysic.h">
      <Filter>Modules\SolidPhysic</Filter>
    </ClInclude>
  </ItemGroup>
  <ItemGroup>
    <ClCompile Include="Client.cpp">
      <Filter>Modules\Client</Filter>
    </ClCompile>
    <ClCompile Include="..\UltramarineServer\NetProtocols.cpp">
      <Filter>Modules\Client</Filter>
    </ClCompile>
    <ClCompile Include="..\UltramarineServer\Serialization.cpp">
      <Filter>Modules\Client</Filter>
    </ClCompile>
    <ClCompile Include="..\UltramarineSingle\Console.cpp">
      <Filter>Modules\Console</Filter>
    </ClCompile>
    <ClCompile Include="Drive.cpp">
      <Filter>Drive</Filter>
    </ClCompile>
    <ClCompile Include="Game.cpp">
      <Filter>Game</Filter>
    </ClCompile>
    <ClCompile Include="..\UltramarineSingle\Graphic.cpp">
      <Filter>Modules\Graphic</Filter>
    </ClCompile>
    <ClCompile Include="..\UltramarineSingle\Management.cpp">
      <Filter>Core</Filter>
    </ClCompile>
    <ClCompile Include="..\UltramarineSingle\Misc.cpp">
      <Filter>Modules\Misc</Filter>
    </ClCompile>
    <ClCompile Include="..\UltramarineSingle\Physic.cpp">
      <Filter>Modules\Physic</Filter>
    </ClCompile>
    <ClCompile Include="..\UltramarineSingle\Solid.cpp">
      <Filter>Modules\Solid</Filter>
    </ClCompile>
    <ClCompile Include="..\UltramarineSingle\SolidPhysic.cpp">
      <Filter>Modules\SolidPhysic</Filter>
    </ClCompile>
  </ItemGroup>
</Project>