<?xml version="1.0" encoding="utf-8"?>
<Project ToolsVersion="4.0" xmlns="http://schemas.microsoft.com/developer/msbuild/2003">
  <ItemGroup>
    <Filter Include="Core">
      <UniqueIdentifier>{ea61d6bf-8b15-4334-a9fc-878afe712a3e}</UniqueIdentifier>
    </Filter>
    <Filter Include="Modules">
      <UniqueIdentifier>{13d501eb-1b07-4f2d-9859-568e1b7862fe}</UniqueIdentifier>
    </Filter>
    <Filter Include="Modules\SolidPhysic">
      <UniqueIdentifier>{06396100-80a5-44c0-9c28-d7962dd7aba2}</UniqueIdentifier>
    </Filter>
    <Filter Include="Drive">
      <UniqueIdentifier>{26c7bfd1-949a-4495-9ac5-c2d1ad30490f}</UniqueIdentifier>
    </Filter>
    <Filter Include="Game">
      <UniqueIdentifier>{c3e0b3b7-f396-4831-952d-e23dfc9eca6b}</UniqueIdentifier>
    </Filter>
    <Filter Include="Modules\Graphic">
      <UniqueIdentifier>{6e5b05cd-2221-4091-8df5-442e5be6fe18}</UniqueIdentifier>
    </Filter>
    <Filter Include="Modules\Console">
      <UniqueIdentifier>{4334d2bf-2d5b-4100-ae5a-b27e996e6c29}</UniqueIdentifier>
    </Filter>
    <Filter Include="Modules\Misc">
      <UniqueIdentifier>{9e8c0496-8541-4575-bb68-79f7cefebe14}</UniqueIdentifier>
    </Filter>
    <Filter Include="Modules\Physic">
      <UniqueIdentifier>{1f658777-5e23-4bcf-a2dc-507c5955f856}</UniqueIdentifier>
    </Filter>
    <Filter Include="Modules\Solid">
      <UniqueIdentifier>{96536fd7-a15d-4ecb-9a0e-8028b3b196ea}</UniqueIdentifier>
    </Filter>
    <Filter Include="Modules\Server">
      <UniqueIdentifier>{ec7e6603-eec3-4a4a-b12b-3783863dbdcf}</UniqueIdentifier>
    </Filter>
    <Filter Include="Modules\Serialization">
      <UniqueIdentifier>{2d072b40-3060-4875-9761-2a53b96f8671}</UniqueIdentifier>
    </Filter>
    <Filter Include="Modules\Geometry">
      <UniqueIdentifier>{bee70122-7aba-4e4c-8af2-4e11b08a4c87}</UniqueIdentifier>
    </Filter>
  </ItemGroup>
  <ItemGroup>
    <ClCompile Include="..\UltramarineSingle\Console.cpp">
      <Filter>Modules\Console</Filter>
    </ClCompile>
    <ClCompile Include="Drive.cpp">
      <Filter>Drive</Filter>
    </ClCompile>
    <ClCompile Include="Game.cpp">
      <Filter>Game</Filter>
    </ClCompile>
    <ClCompile Include="..\UltramarineSingle\Graphic.cpp">
      <Filter>Modules\Graphic</Filter>
    </ClCompile>
    <ClCompile Include="..\UltramarineSingle\Management.cpp">
      <Filter>Core</Filter>
    </ClCompile>
    <ClCompile Include="..\UltramarineSingle\Misc.cpp">
      <Filter>Modules\Misc</Filter>
    </ClCompile>
    <ClCompile Include="NetProtocols.cpp">
      <Filter>Modules\Server</Filter>
    </ClCompile>
    <ClCompile Include="..\UltramarineSingle\Physic.cpp">
      <Filter>Modules\Physic</Filter>
    </ClCompile>
    <ClCompile Include="Server.cpp">
      <Filter>Modules\Server</Filter>
    </ClCompile>
    <ClCompile Include="..\UltramarineSingle\Solid.cpp">
      <Filter>Modules\Solid</Filter>
    </ClCompile>
    <ClCompile Include="..\UltramarineSingle\SolidPhysic.cpp">
      <Filter>Modules\SolidPhysic</Filter>
    </ClCompile>
    <ClCompile Include="..\UltramarineSingle\Serialization.cpp">
      <Filter>Modules\Serialization</Filter>
    </ClCompile>
    <ClCompile Include="..\UltramarineSingle\Font.cpp">
      <Filter>Modules\Graphic</Filter>
    </ClCompile>
    <ClCompile Include="..\UltramarineSingle\Geometry.cpp">
      <Filter>Modules\Geometry</Filter>
    </ClCompile>
  </ItemGroup>
  <ItemGroup>
    <ClInclude Include="..\UltramarineSingle\Management.h">
      <Filter>Core</Filter>
    </ClInclude>
    <ClInclude Include="Drive.h">
      <Filter>Drive</Filter>
    </ClInclude>
    <ClInclude Include="Game.h">
      <Filter>Game</Filter>
    </ClInclude>
    <ClInclude Include="..\UltramarineSingle\SolidPhysic.h">
      <Filter>Modules\SolidPhysic</Filter>
    </ClInclude>
    <ClInclude Include="..\UltramarineSingle\Console.h">
      <Filter>Modules\Console</Filter>
    </ClInclude>
    <ClInclude Include="..\UltramarineSingle\Graphic.h">
      <Filter>Modules\Graphic</Filter>
    </ClInclude>
    <ClInclude Include="..\UltramarineSingle\Misc.h">
      <Filter>Modules\Misc</Filter>
    </ClInclude>
    <ClInclude Include="..\UltramarineSingle\Physic.h">
      <Filter>Modules\Physic</Filter>
    </ClInclude>
    <ClInclude Include="..\UltramarineSingle\Solid.h">
      <Filter>Modules\Solid</Filter>
    </ClInclude>
    <ClInclude Include="NetProtocols.h">
      <Filter>Modules\Server</Filter>
    </ClInclude>
    <ClInclude Include="Server.h">
      <Filter>Modules\Server</Filter>
    </ClInclude>
    <ClInclude Include="..\UltramarineSingle\Serialization.h">
      <Filter>Modules\Serialization</Filter>
    </ClInclude>
    <ClInclude Include="..\UltramarineSingle\Font.h">
      <Filter>Modules\Graphic</Filter>
    </ClInclude>
    <ClInclude Include="..\UltramarineSingle\Geometry.h">
      <Filter>Modules\Geometry</Filter>
    </ClInclude>
  </ItemGroup>
</Project>